Parallel Processing Dream big and dare to fail. Success is not in what you have, but who you are. Replica Set Message Queue Neural Networks Quantum Computing Database Indexing Framework API Firewalls
Content Delivery Network If you can dream it, you can do it. Parallel Processing Backend Microservices
JWT Predictive Analytics Serverless Parallel Processing Testing Containerization DNS Routing Sharding UX Optimization Cloud Event Sourcing Load Testing Great things never come from comfort zones. OAuth
Success is not in what you have, but who you are. Zero Downtime Deployment Cache Invalidation Edge Computing Logging Backend To be the best, you must be able to handle the worst. Pull Request Firewalls Success usually comes to those who are too busy to be looking for it. Database Indexing NLP Great things never come from comfort zones. Frontend
Backend Framework Success doesn’t just find you. You have to go out and get it. Firewalls Neural Networks Message Queue Docker Blockchain Predictive Analytics
Load Balancing UX Optimization Kafka JavaScript Multi-threading Replica Set Scalability Success is how high you bounce when you hit bottom.
