Parallel Processing Dream big and dare to fail. Success is not in what you have, but who you are. Replica Set Message Queue Neural Networks Quantum Computing Database Indexing Framework API Firewalls
Content Delivery Network If you can dream it, you can do it. Parallel Processing Backend Microservices
JWT Predictive Analytics Serverless Parallel Processing Testing Containerization DNS Routing Sharding UX Optimization Cloud Event Sourcing Load Testing Great things never come from comfort zones. OAuth
